
Microsoft Visual Studio Solution File, Format Version 12.00
# Visual Studio Version 16
VisualStudioVersion = 16.0.29709.97
MinimumVisualStudioVersion = 10.0.40219.1
Project("{FAE04EC0-301F-11D3-BF4B-00C04F79EFBC}") = "GitTestDemo", "GitTestDemo.csproj", "{2EE1E2F6-4FCA-45A2-BD57-91E14E81D604}"
EndProject
Global
	GlobalSection(SolutionConfigurationPlatforms) = preSolution
		Debug|Any CPU = Debug|Any CPU
		Release|Any CPU = Release|Any CPU
	EndGlobalSection
	GlobalSection(ProjectConfigurationPlatforms) = postSolution
		{2EE1E2F6-4FCA-45A2-BD57-91E14E81D604}.Debug|Any CPU.ActiveCfg = Debug|Any CPU
		{2EE1E2F6-4FCA-45A2-BD57-91E14E81D604}.Debug|Any CPU.Build.0 = Debug|Any CPU
		{2EE1E2F6-4FCA-45A2-BD57-91E14E81D604}.Release|Any CPU.ActiveCfg = Release|Any CPU
		{2EE1E2F6-4FCA-45A2-BD57-91E14E81D604}.Release|Any CPU.Build.0 = Release|Any CPU
	EndGlobalSection
	GlobalSection(SolutionProperties) = preSolution
		HideSolutionNode = FALSE
	EndGlobalSection
	GlobalSection(ExtensibilityGlobals) = postSolution
		SolutionGuid = {9F2C1861-529A-4AFA-BBC8-DF6C8A79898C}
	EndGlobalSection
EndGlobal
